{
  "requires": true,
  "lockfileVersion": 1,
  "dependencies": {
    "@webcomponents/webcomponentsjs": {
      "version": "1.0.18",
      "resolved": "https://registry.npmjs.org/@webcomponents/webcomponentsjs/-/webcomponentsjs-1.0.18.tgz",
      "integrity": "sha512-F/Gn3zcJMc0FaxedKPyOKoiIQxg5p9HyDwRC1VRBvAc7+FA6oBDf39GqWsZ9nKtarsx1RslwkrHDIHLYETdIAA=="
    }
  }
}
