{
  "requires": true,
  "lockfileVersion": 1,
  "dependencies": {
    "@webcomponents/webcomponentsjs": {
      "version": "2.4.0",
      "resolved": "https://registry.npmjs.org/@webcomponents/webcomponentsjs/-/webcomponentsjs-2.4.0.tgz",
      "integrity": "sha512-kEClEz2nu9/i6SvyBJTV4pCc6CyCzMhK7zEeJ6QhiJoulBp4YZ06Zfj2E2HUXfWfHJIjtKriJYMtfhettKEjEg=="
    }
  }
}
